// !$*UTF8*$!
{
	archiveVersion = 1;
	classes = {
	};
	objectVersion = 56;
	objects = {

/* Begin PBXBuildFile section */
		AA0000000000000000000001 /* GlowAppApp.swift in Sources */ = {isa = PBXBuildFile; fileRef = AB0000000000000000000001 /* GlowAppApp.swift */; };
		AA0000000000000000000002 /* AppRouter.swift in Sources */ = {isa = PBXBuildFile; fileRef = AB0000000000000000000002 /* AppRouter.swift */; };
		AA0000000000000000000003 /* AppEnvironment.swift in Sources */ = {isa = PBXBuildFile; fileRef = AB0000000000000000000003 /* AppEnvironment.swift */; };
		AA0000000000000000000004 /* AppRootView.swift in Sources */ = {isa = PBXBuildFile; fileRef = AB0000000000000000000004 /* AppRootView.swift */; };
		AA0000000000000000000005 /* AppTab.swift in Sources */ = {isa = PBXBuildFile; fileRef = AB0000000000000000000005 /* AppTab.swift */; };
		AA0000000000000000000006 /* AppShellView.swift in Sources */ = {isa = PBXBuildFile; fileRef = AB0000000000000000000006 /* AppShellView.swift */; };
		AA0000000000000000000007 /* Colors.swift in Sources */ = {isa = PBXBuildFile; fileRef = AB0000000000000000000007 /* Colors.swift */; };
		AA0000000000000000000008 /* Typography.swift in Sources */ = {isa = PBXBuildFile; fileRef = AB0000000000000000000008 /* Typography.swift */; };
		AA0000000000000000000009 /* Spacing.swift in Sources */ = {isa = PBXBuildFile; fileRef = AB0000000000000000000009 /* Spacing.swift */; };
		AA0000000000000000000010 /* PrimaryButton.swift in Sources */ = {isa = PBXBuildFile; fileRef = AB0000000000000000000010 /* PrimaryButton.swift */; };
		AA0000000000000000000011 /* Constants.swift in Sources */ = {isa = PBXBuildFile; fileRef = AB0000000000000000000011 /* Constants.swift */; };
		AA0000000000000000000012 /* AuthService.swift in Sources */ = {isa = PBXBuildFile; fileRef = AB0000000000000000000012 /* AuthService.swift */; };
		AA0000000000000000000013 /* HealthKitService.swift in Sources */ = {isa = PBXBuildFile; fileRef = AB0000000000000000000013 /* HealthKitService.swift */; };
		AA0000000000000000000014 /* SupabaseService.swift in Sources */ = {isa = PBXBuildFile; fileRef = AB0000000000000000000014 /* SupabaseService.swift */; };
		AA0000000000000000000015 /* SubscriptionService.swift in Sources */ = {isa = PBXBuildFile; fileRef = AB0000000000000000000015 /* SubscriptionService.swift */; };
		AA0000000000000000000016 /* AnalyticsService.swift in Sources */ = {isa = PBXBuildFile; fileRef = AB0000000000000000000016 /* AnalyticsService.swift */; };
		AA0000000000000000000017 /* FeaturePlaceholderView.swift in Sources */ = {isa = PBXBuildFile; fileRef = AB0000000000000000000017 /* FeaturePlaceholderView.swift */; };
		AA0000000000000000000018 /* HomeViewModel.swift in Sources */ = {isa = PBXBuildFile; fileRef = AB0000000000000000000018 /* HomeViewModel.swift */; };
		AA0000000000000000000019 /* HomeView.swift in Sources */ = {isa = PBXBuildFile; fileRef = AB0000000000000000000019 /* HomeView.swift */; };
		AA0000000000000000000020 /* RoutinesViewModel.swift in Sources */ = {isa = PBXBuildFile; fileRef = AB0000000000000000000020 /* RoutinesViewModel.swift */; };
		AA0000000000000000000021 /* RoutinesView.swift in Sources */ = {isa = PBXBuildFile; fileRef = AB0000000000000000000021 /* RoutinesView.swift */; };
		AA0000000000000000000022 /* ProgressViewModel.swift in Sources */ = {isa = PBXBuildFile; fileRef = AB0000000000000000000022 /* ProgressViewModel.swift */; };
		AA0000000000000000000023 /* ProgressView.swift in Sources */ = {isa = PBXBuildFile; fileRef = AB0000000000000000000023 /* ProgressView.swift */; };
		AA0000000000000000000024 /* SettingsViewModel.swift in Sources */ = {isa = PBXBuildFile; fileRef = AB0000000000000000000024 /* SettingsViewModel.swift */; };
		AA0000000000000000000025 /* SettingsView.swift in Sources */ = {isa = PBXBuildFile; fileRef = AB0000000000000000000025 /* SettingsView.swift */; };
		AA0000000000000000000026 /* UserProfile.swift in Sources */ = {isa = PBXBuildFile; fileRef = AB0000000000000000000027 /* UserProfile.swift */; };
		AA0000000000000000000027 /* UserRepository.swift in Sources */ = {isa = PBXBuildFile; fileRef = AB0000000000000000000028 /* UserRepository.swift */; };
		AA0000000000000000000028 /* LocalUserRepository.swift in Sources */ = {isa = PBXBuildFile; fileRef = AB0000000000000000000029 /* LocalUserRepository.swift */; };
		AA0000000000000000000029 /* OnboardingViewModel.swift in Sources */ = {isa = PBXBuildFile; fileRef = AB0000000000000000000030 /* OnboardingViewModel.swift */; };
		AA0000000000000000000030 /* OnboardingScaffoldView.swift in Sources */ = {isa = PBXBuildFile; fileRef = AB0000000000000000000031 /* OnboardingScaffoldView.swift */; };
		AA0000000000000000000031 /* OnboardingFlowView.swift in Sources */ = {isa = PBXBuildFile; fileRef = AB0000000000000000000032 /* OnboardingFlowView.swift */; };
		AA0000000000000000000032 /* WelcomeView.swift in Sources */ = {isa = PBXBuildFile; fileRef = AB0000000000000000000033 /* WelcomeView.swift */; };
		AA0000000000000000000033 /* ValuePropositionView.swift in Sources */ = {isa = PBXBuildFile; fileRef = AB0000000000000000000034 /* ValuePropositionView.swift */; };
		AA0000000000000000000034 /* GoalSelectionView.swift in Sources */ = {isa = PBXBuildFile; fileRef = AB0000000000000000000035 /* GoalSelectionView.swift */; };
		AA0000000000000000000035 /* TargetSetupView.swift in Sources */ = {isa = PBXBuildFile; fileRef = AB0000000000000000000036 /* TargetSetupView.swift */; };
		AA0000000000000000000036 /* OnboardingCompletionView.swift in Sources */ = {isa = PBXBuildFile; fileRef = AB0000000000000000000037 /* OnboardingCompletionView.swift */; };
		AA0000000000000000000037 /* UserProfileTests.swift in Sources */ = {isa = PBXBuildFile; fileRef = AB0000000000000000000039 /* UserProfileTests.swift */; };
		AA0000000000000000000038 /* LocalUserRepositoryTests.swift in Sources */ = {isa = PBXBuildFile; fileRef = AB0000000000000000000040 /* LocalUserRepositoryTests.swift */; };
		AA0000000000000000000039 /* AppRouterTests.swift in Sources */ = {isa = PBXBuildFile; fileRef = AB0000000000000000000041 /* AppRouterTests.swift */; };
		AA0000000000000000000040 /* XCTest.framework in Frameworks */ = {isa = PBXBuildFile; fileRef = AB0000000000000000000042 /* XCTest.framework */; };
		AA0000000000000000000041 /* MetricsRepository.swift in Sources */ = {isa = PBXBuildFile; fileRef = AB0000000000000000000043 /* MetricsRepository.swift */; };
		AA0000000000000000000042 /* DailyMetrics.swift in Sources */ = {isa = PBXBuildFile; fileRef = AB0000000000000000000044 /* DailyMetrics.swift */; };
		AA0000000000000000000043 /* DayBoundary.swift in Sources */ = {isa = PBXBuildFile; fileRef = AB0000000000000000000045 /* DayBoundary.swift */; };
		AA0000000000000000000044 /* DashboardViewModel.swift in Sources */ = {isa = PBXBuildFile; fileRef = AB0000000000000000000046 /* DashboardViewModel.swift */; };
		AA0000000000000000000045 /* DashboardView.swift in Sources */ = {isa = PBXBuildFile; fileRef = AB0000000000000000000047 /* DashboardView.swift */; };
		AA0000000000000000000046 /* DashboardMetricCardView.swift in Sources */ = {isa = PBXBuildFile; fileRef = AB0000000000000000000048 /* DashboardMetricCardView.swift */; };
		AA0000000000000000000047 /* HealthConnectionCardView.swift in Sources */ = {isa = PBXBuildFile; fileRef = AB0000000000000000000049 /* HealthConnectionCardView.swift */; };
		AA0000000000000000000048 /* MetricsRepositoryTests.swift in Sources */ = {isa = PBXBuildFile; fileRef = AB0000000000000000000050 /* MetricsRepositoryTests.swift */; };
		AA0000000000000000000049 /* NutritionLog.swift in Sources */ = {isa = PBXBuildFile; fileRef = AB0000000000000000000051 /* NutritionLog.swift */; };
		AA0000000000000000000050 /* NutritionDaySummary.swift in Sources */ = {isa = PBXBuildFile; fileRef = AB0000000000000000000052 /* NutritionDaySummary.swift */; };
		AA0000000000000000000051 /* RoutineTemplate.swift in Sources */ = {isa = PBXBuildFile; fileRef = AB0000000000000000000053 /* RoutineTemplate.swift */; };
		AA0000000000000000000052 /* RoutineEntry.swift in Sources */ = {isa = PBXBuildFile; fileRef = AB0000000000000000000054 /* RoutineEntry.swift */; };
		AA0000000000000000000053 /* RoutineDaySummary.swift in Sources */ = {isa = PBXBuildFile; fileRef = AB0000000000000000000055 /* RoutineDaySummary.swift */; };
		AA0000000000000000000054 /* NutritionRepository.swift in Sources */ = {isa = PBXBuildFile; fileRef = AB0000000000000000000056 /* NutritionRepository.swift */; };
		AA0000000000000000000055 /* RoutineRepository.swift in Sources */ = {isa = PBXBuildFile; fileRef = AB0000000000000000000057 /* RoutineRepository.swift */; };
		AA0000000000000000000056 /* NutritionViewModel.swift in Sources */ = {isa = PBXBuildFile; fileRef = AB0000000000000000000058 /* NutritionViewModel.swift */; };
		AA0000000000000000000057 /* NutritionQuickLogCardView.swift in Sources */ = {isa = PBXBuildFile; fileRef = AB0000000000000000000059 /* NutritionQuickLogCardView.swift */; };
		AA0000000000000000000058 /* NutritionLogEditorView.swift in Sources */ = {isa = PBXBuildFile; fileRef = AB0000000000000000000060 /* NutritionLogEditorView.swift */; };
		AA0000000000000000000059 /* RoutineStatusCardView.swift in Sources */ = {isa = PBXBuildFile; fileRef = AB0000000000000000000061 /* RoutineStatusCardView.swift */; };
		AA0000000000000000000060 /* NutritionRepositoryTests.swift in Sources */ = {isa = PBXBuildFile; fileRef = AB0000000000000000000062 /* NutritionRepositoryTests.swift */; };
		AA0000000000000000000061 /* RoutineRepositoryTests.swift in Sources */ = {isa = PBXBuildFile; fileRef = AB0000000000000000000063 /* RoutineRepositoryTests.swift */; };
/* End PBXBuildFile section */

/* Begin PBXContainerItemProxy section */
		BC0000000000000000000001 /* PBXContainerItemProxy */ = {
			isa = PBXContainerItemProxy;
			containerPortal = AF0000000000000000000001 /* Project object */;
			proxyType = 1;
			remoteGlobalIDString = AE0000000000000000000001;
			remoteInfo = GlowApp;
		};
/* End PBXContainerItemProxy section */

/* Begin PBXFileReference section */
		AB0000000000000000000001 /* GlowAppApp.swift */ = {isa = PBXFileReference; lastKnownFileType = sourcecode.swift; path = GlowAppApp.swift; sourceTree = "<group>"; };
		AB0000000000000000000002 /* AppRouter.swift */ = {isa = PBXFileReference; lastKnownFileType = sourcecode.swift; path = AppRouter.swift; sourceTree = "<group>"; };
		AB0000000000000000000003 /* AppEnvironment.swift */ = {isa = PBXFileReference; lastKnownFileType = sourcecode.swift; path = AppEnvironment.swift; sourceTree = "<group>"; };
		AB0000000000000000000004 /* AppRootView.swift */ = {isa = PBXFileReference; lastKnownFileType = sourcecode.swift; path = AppRootView.swift; sourceTree = "<group>"; };
		AB0000000000000000000005 /* AppTab.swift */ = {isa = PBXFileReference; lastKnownFileType = sourcecode.swift; path = AppTab.swift; sourceTree = "<group>"; };
		AB0000000000000000000006 /* AppShellView.swift */ = {isa = PBXFileReference; lastKnownFileType = sourcecode.swift; path = AppShellView.swift; sourceTree = "<group>"; };
		AB0000000000000000000007 /* Colors.swift */ = {isa = PBXFileReference; lastKnownFileType = sourcecode.swift; path = Colors.swift; sourceTree = "<group>"; };
		AB0000000000000000000008 /* Typography.swift */ = {isa = PBXFileReference; lastKnownFileType = sourcecode.swift; path = Typography.swift; sourceTree = "<group>"; };
		AB0000000000000000000009 /* Spacing.swift */ = {isa = PBXFileReference; lastKnownFileType = sourcecode.swift; path = Spacing.swift; sourceTree = "<group>"; };
		AB0000000000000000000010 /* PrimaryButton.swift */ = {isa = PBXFileReference; lastKnownFileType = sourcecode.swift; path = PrimaryButton.swift; sourceTree = "<group>"; };
		AB0000000000000000000011 /* Constants.swift */ = {isa = PBXFileReference; lastKnownFileType = sourcecode.swift; path = Constants.swift; sourceTree = "<group>"; };
		AB0000000000000000000012 /* AuthService.swift */ = {isa = PBXFileReference; lastKnownFileType = sourcecode.swift; path = AuthService.swift; sourceTree = "<group>"; };
		AB0000000000000000000013 /* HealthKitService.swift */ = {isa = PBXFileReference; lastKnownFileType = sourcecode.swift; path = HealthKitService.swift; sourceTree = "<group>"; };
		AB0000000000000000000014 /* SupabaseService.swift */ = {isa = PBXFileReference; lastKnownFileType = sourcecode.swift; path = SupabaseService.swift; sourceTree = "<group>"; };
		AB0000000000000000000015 /* SubscriptionService.swift */ = {isa = PBXFileReference; lastKnownFileType = sourcecode.swift; path = SubscriptionService.swift; sourceTree = "<group>"; };
		AB0000000000000000000016 /* AnalyticsService.swift */ = {isa = PBXFileReference; lastKnownFileType = sourcecode.swift; path = AnalyticsService.swift; sourceTree = "<group>"; };
		AB0000000000000000000017 /* FeaturePlaceholderView.swift */ = {isa = PBXFileReference; lastKnownFileType = sourcecode.swift; path = FeaturePlaceholderView.swift; sourceTree = "<group>"; };
		AB0000000000000000000018 /* HomeViewModel.swift */ = {isa = PBXFileReference; lastKnownFileType = sourcecode.swift; path = HomeViewModel.swift; sourceTree = "<group>"; };
		AB0000000000000000000019 /* HomeView.swift */ = {isa = PBXFileReference; lastKnownFileType = sourcecode.swift; path = HomeView.swift; sourceTree = "<group>"; };
		AB0000000000000000000020 /* RoutinesViewModel.swift */ = {isa = PBXFileReference; lastKnownFileType = sourcecode.swift; path = RoutinesViewModel.swift; sourceTree = "<group>"; };
		AB0000000000000000000021 /* RoutinesView.swift */ = {isa = PBXFileReference; lastKnownFileType = sourcecode.swift; path = RoutinesView.swift; sourceTree = "<group>"; };
		AB0000000000000000000022 /* ProgressViewModel.swift */ = {isa = PBXFileReference; lastKnownFileType = sourcecode.swift; path = ProgressViewModel.swift; sourceTree = "<group>"; };
		AB0000000000000000000023 /* ProgressView.swift */ = {isa = PBXFileReference; lastKnownFileType = sourcecode.swift; path = ProgressView.swift; sourceTree = "<group>"; };
		AB0000000000000000000024 /* SettingsViewModel.swift */ = {isa = PBXFileReference; lastKnownFileType = sourcecode.swift; path = SettingsViewModel.swift; sourceTree = "<group>"; };
		AB0000000000000000000025 /* SettingsView.swift */ = {isa = PBXFileReference; lastKnownFileType = sourcecode.swift; path = SettingsView.swift; sourceTree = "<group>"; };
		AB0000000000000000000026 /* GlowApp.app */ = {isa = PBXFileReference; explicitFileType = wrapper.application; includeInIndex = 0; path = GlowApp.app; sourceTree = BUILT_PRODUCTS_DIR; };
		AB0000000000000000000027 /* UserProfile.swift */ = {isa = PBXFileReference; lastKnownFileType = sourcecode.swift; path = UserProfile.swift; sourceTree = "<group>"; };
		AB0000000000000000000028 /* UserRepository.swift */ = {isa = PBXFileReference; lastKnownFileType = sourcecode.swift; path = UserRepository.swift; sourceTree = "<group>"; };
		AB0000000000000000000029 /* LocalUserRepository.swift */ = {isa = PBXFileReference; lastKnownFileType = sourcecode.swift; path = LocalUserRepository.swift; sourceTree = "<group>"; };
		AB0000000000000000000030 /* OnboardingViewModel.swift */ = {isa = PBXFileReference; lastKnownFileType = sourcecode.swift; path = OnboardingViewModel.swift; sourceTree = "<group>"; };
		AB0000000000000000000031 /* OnboardingScaffoldView.swift */ = {isa = PBXFileReference; lastKnownFileType = sourcecode.swift; path = OnboardingScaffoldView.swift; sourceTree = "<group>"; };
		AB0000000000000000000032 /* OnboardingFlowView.swift */ = {isa = PBXFileReference; lastKnownFileType = sourcecode.swift; path = OnboardingFlowView.swift; sourceTree = "<group>"; };
		AB0000000000000000000033 /* WelcomeView.swift */ = {isa = PBXFileReference; lastKnownFileType = sourcecode.swift; path = WelcomeView.swift; sourceTree = "<group>"; };
		AB0000000000000000000034 /* ValuePropositionView.swift */ = {isa = PBXFileReference; lastKnownFileType = sourcecode.swift; path = ValuePropositionView.swift; sourceTree = "<group>"; };
		AB0000000000000000000035 /* GoalSelectionView.swift */ = {isa = PBXFileReference; lastKnownFileType = sourcecode.swift; path = GoalSelectionView.swift; sourceTree = "<group>"; };
		AB0000000000000000000036 /* TargetSetupView.swift */ = {isa = PBXFileReference; lastKnownFileType = sourcecode.swift; path = TargetSetupView.swift; sourceTree = "<group>"; };
		AB0000000000000000000037 /* OnboardingCompletionView.swift */ = {isa = PBXFileReference; lastKnownFileType = sourcecode.swift; path = OnboardingCompletionView.swift; sourceTree = "<group>"; };
		AB0000000000000000000038 /* GlowAppTests.xctest */ = {isa = PBXFileReference; explicitFileType = wrapper.cfbundle; includeInIndex = 0; path = GlowAppTests.xctest; sourceTree = BUILT_PRODUCTS_DIR; };
		AB0000000000000000000039 /* UserProfileTests.swift */ = {isa = PBXFileReference; lastKnownFileType = sourcecode.swift; path = UserProfileTests.swift; sourceTree = "<group>"; };
		AB0000000000000000000040 /* LocalUserRepositoryTests.swift */ = {isa = PBXFileReference; lastKnownFileType = sourcecode.swift; path = LocalUserRepositoryTests.swift; sourceTree = "<group>"; };
		AB0000000000000000000041 /* AppRouterTests.swift */ = {isa = PBXFileReference; lastKnownFileType = sourcecode.swift; path = AppRouterTests.swift; sourceTree = "<group>"; };
		AB0000000000000000000042 /* XCTest.framework */ = {isa = PBXFileReference; lastKnownFileType = wrapper.framework; name = XCTest.framework; path = System/Library/Frameworks/XCTest.framework; sourceTree = SDKROOT; };
		AB0000000000000000000043 /* MetricsRepository.swift */ = {isa = PBXFileReference; lastKnownFileType = sourcecode.swift; path = MetricsRepository.swift; sourceTree = "<group>"; };
		AB0000000000000000000044 /* DailyMetrics.swift */ = {isa = PBXFileReference; lastKnownFileType = sourcecode.swift; path = DailyMetrics.swift; sourceTree = "<group>"; };
		AB0000000000000000000045 /* DayBoundary.swift */ = {isa = PBXFileReference; lastKnownFileType = sourcecode.swift; path = DayBoundary.swift; sourceTree = "<group>"; };
		AB0000000000000000000046 /* DashboardViewModel.swift */ = {isa = PBXFileReference; lastKnownFileType = sourcecode.swift; path = DashboardViewModel.swift; sourceTree = "<group>"; };
		AB0000000000000000000047 /* DashboardView.swift */ = {isa = PBXFileReference; lastKnownFileType = sourcecode.swift; path = DashboardView.swift; sourceTree = "<group>"; };
		AB0000000000000000000048 /* DashboardMetricCardView.swift */ = {isa = PBXFileReference; lastKnownFileType = sourcecode.swift; path = DashboardMetricCardView.swift; sourceTree = "<group>"; };
		AB0000000000000000000049 /* HealthConnectionCardView.swift */ = {isa = PBXFileReference; lastKnownFileType = sourcecode.swift; path = HealthConnectionCardView.swift; sourceTree = "<group>"; };
		AB0000000000000000000050 /* MetricsRepositoryTests.swift */ = {isa = PBXFileReference; lastKnownFileType = sourcecode.swift; path = MetricsRepositoryTests.swift; sourceTree = "<group>"; };
		AB0000000000000000000051 /* NutritionLog.swift */ = {isa = PBXFileReference; lastKnownFileType = sourcecode.swift; path = NutritionLog.swift; sourceTree = "<group>"; };
		AB0000000000000000000052 /* NutritionDaySummary.swift */ = {isa = PBXFileReference; lastKnownFileType = sourcecode.swift; path = NutritionDaySummary.swift; sourceTree = "<group>"; };
		AB0000000000000000000053 /* RoutineTemplate.swift */ = {isa = PBXFileReference; lastKnownFileType = sourcecode.swift; path = RoutineTemplate.swift; sourceTree = "<group>"; };
		AB0000000000000000000054 /* RoutineEntry.swift */ = {isa = PBXFileReference; lastKnownFileType = sourcecode.swift; path = RoutineEntry.swift; sourceTree = "<group>"; };
		AB0000000000000000000055 /* RoutineDaySummary.swift */ = {isa = PBXFileReference; lastKnownFileType = sourcecode.swift; path = RoutineDaySummary.swift; sourceTree = "<group>"; };
		AB0000000000000000000056 /* NutritionRepository.swift */ = {isa = PBXFileReference; lastKnownFileType = sourcecode.swift; path = NutritionRepository.swift; sourceTree = "<group>"; };
		AB0000000000000000000057 /* RoutineRepository.swift */ = {isa = PBXFileReference; lastKnownFileType = sourcecode.swift; path = RoutineRepository.swift; sourceTree = "<group>"; };
		AB0000000000000000000058 /* NutritionViewModel.swift */ = {isa = PBXFileReference; lastKnownFileType = sourcecode.swift; path = NutritionViewModel.swift; sourceTree = "<group>"; };
		AB0000000000000000000059 /* NutritionQuickLogCardView.swift */ = {isa = PBXFileReference; lastKnownFileType = sourcecode.swift; path = NutritionQuickLogCardView.swift; sourceTree = "<group>"; };
		AB0000000000000000000060 /* NutritionLogEditorView.swift */ = {isa = PBXFileReference; lastKnownFileType = sourcecode.swift; path = NutritionLogEditorView.swift; sourceTree = "<group>"; };
		AB0000000000000000000061 /* RoutineStatusCardView.swift */ = {isa = PBXFileReference; lastKnownFileType = sourcecode.swift; path = RoutineStatusCardView.swift; sourceTree = "<group>"; };
		AB0000000000000000000062 /* NutritionRepositoryTests.swift */ = {isa = PBXFileReference; lastKnownFileType = sourcecode.swift; path = NutritionRepositoryTests.swift; sourceTree = "<group>"; };
		AB0000000000000000000063 /* RoutineRepositoryTests.swift */ = {isa = PBXFileReference; lastKnownFileType = sourcecode.swift; path = RoutineRepositoryTests.swift; sourceTree = "<group>"; };
/* End PBXFileReference section */

/* Begin PBXFrameworksBuildPhase section */
		AD0000000000000000000002 /* Frameworks */ = {
			isa = PBXFrameworksBuildPhase;
			buildActionMask = 2147483647;
			files = (
			);
			runOnlyForDeploymentPostprocessing = 0;
		};
		AD0000000000000000000004 /* Frameworks */ = {
			isa = PBXFrameworksBuildPhase;
			buildActionMask = 2147483647;
			files = (
				AA0000000000000000000040 /* XCTest.framework in Frameworks */,
			);
			runOnlyForDeploymentPostprocessing = 0;
		};
/* End PBXFrameworksBuildPhase section */

/* Begin PBXGroup section */
		AC0000000000000000000001 = {
			isa = PBXGroup;
			children = (
				AC0000000000000000000003 /* App */,
				AC0000000000000000000004 /* Core */,
				AC0000000000000000000005 /* Features */,
				AC0000000000000000000020 /* GlowAppTests */,
				AC0000000000000000000021 /* Frameworks */,
				AC0000000000000000000002 /* Products */,
			);
			sourceTree = "<group>";
		};
		AC0000000000000000000002 /* Products */ = {
			isa = PBXGroup;
			children = (
				AB0000000000000000000026 /* GlowApp.app */,
				AB0000000000000000000038 /* GlowAppTests.xctest */,
			);
			name = Products;
			sourceTree = "<group>";
		};
		AC0000000000000000000003 /* App */ = {
			isa = PBXGroup;
			children = (
				AB0000000000000000000001 /* GlowAppApp.swift */,
				AB0000000000000000000002 /* AppRouter.swift */,
				AB0000000000000000000003 /* AppEnvironment.swift */,
				AB0000000000000000000004 /* AppRootView.swift */,
				AB0000000000000000000005 /* AppTab.swift */,
				AB0000000000000000000006 /* AppShellView.swift */,
			);
			path = App;
			sourceTree = "<group>";
		};
		AC0000000000000000000004 /* Core */ = {
			isa = PBXGroup;
			children = (
				AC0000000000000000000006 /* DesignSystem */,
				AC0000000000000000000007 /* Services */,
				AC0000000000000000000015 /* Models */,
				AC0000000000000000000016 /* Repositories */,
				AC0000000000000000000008 /* Utilities */,
			);
			path = Core;
			sourceTree = "<group>";
		};
			AC0000000000000000000005 /* Features */ = {
				isa = PBXGroup;
				children = (
					AC0000000000000000000009 /* Shared */,
					AC0000000000000000000010 /* Home */,
					AC0000000000000000000027 /* Nutrition */,
					AC0000000000000000000022 /* Dashboard */,
					AC0000000000000000000025 /* Health */,
					AC0000000000000000000017 /* Onboarding */,
					AC0000000000000000000011 /* Routines */,
					AC0000000000000000000012 /* Progress */,
				AC0000000000000000000013 /* Settings */,
			);
			path = Features;
			sourceTree = "<group>";
		};
		AC0000000000000000000006 /* DesignSystem */ = {
			isa = PBXGroup;
			children = (
				AB0000000000000000000007 /* Colors.swift */,
				AB0000000000000000000008 /* Typography.swift */,
				AB0000000000000000000009 /* Spacing.swift */,
				AC0000000000000000000014 /* Components */,
			);
			path = DesignSystem;
			sourceTree = "<group>";
		};
		AC0000000000000000000007 /* Services */ = {
			isa = PBXGroup;
			children = (
				AB0000000000000000000012 /* AuthService.swift */,
				AB0000000000000000000013 /* HealthKitService.swift */,
				AB0000000000000000000014 /* SupabaseService.swift */,
				AB0000000000000000000015 /* SubscriptionService.swift */,
				AB0000000000000000000016 /* AnalyticsService.swift */,
			);
			path = Services;
			sourceTree = "<group>";
		};
			AC0000000000000000000008 /* Utilities */ = {
				isa = PBXGroup;
				children = (
					AB0000000000000000000011 /* Constants.swift */,
					AB0000000000000000000045 /* DayBoundary.swift */,
				);
				path = Utilities;
				sourceTree = "<group>";
		};
		AC0000000000000000000009 /* Shared */ = {
			isa = PBXGroup;
			children = (
				AB0000000000000000000017 /* FeaturePlaceholderView.swift */,
			);
			path = Shared;
			sourceTree = "<group>";
		};
		AC0000000000000000000010 /* Home */ = {
			isa = PBXGroup;
			children = (
				AB0000000000000000000018 /* HomeViewModel.swift */,
				AB0000000000000000000019 /* HomeView.swift */,
			);
			path = Home;
			sourceTree = "<group>";
		};
			AC0000000000000000000011 /* Routines */ = {
			isa = PBXGroup;
			children = (
				AB0000000000000000000020 /* RoutinesViewModel.swift */,
				AB0000000000000000000021 /* RoutinesView.swift */,
				AC0000000000000000000030 /* Views */,
			);
			path = Routines;
			sourceTree = "<group>";
		};
		AC0000000000000000000012 /* Progress */ = {
			isa = PBXGroup;
			children = (
				AB0000000000000000000022 /* ProgressViewModel.swift */,
				AB0000000000000000000023 /* ProgressView.swift */,
			);
			path = Progress;
			sourceTree = "<group>";
		};
		AC0000000000000000000013 /* Settings */ = {
			isa = PBXGroup;
			children = (
				AB0000000000000000000024 /* SettingsViewModel.swift */,
				AB0000000000000000000025 /* SettingsView.swift */,
			);
			path = Settings;
			sourceTree = "<group>";
		};
		AC0000000000000000000014 /* Components */ = {
			isa = PBXGroup;
			children = (
				AB0000000000000000000010 /* PrimaryButton.swift */,
			);
			path = Components;
			sourceTree = "<group>";
		};
			AC0000000000000000000015 /* Models */ = {
				isa = PBXGroup;
				children = (
					AB0000000000000000000027 /* UserProfile.swift */,
					AB0000000000000000000044 /* DailyMetrics.swift */,
					AB0000000000000000000051 /* NutritionLog.swift */,
					AB0000000000000000000052 /* NutritionDaySummary.swift */,
					AB0000000000000000000053 /* RoutineTemplate.swift */,
					AB0000000000000000000054 /* RoutineEntry.swift */,
					AB0000000000000000000055 /* RoutineDaySummary.swift */,
				);
				path = Models;
				sourceTree = "<group>";
		};
			AC0000000000000000000016 /* Repositories */ = {
				isa = PBXGroup;
				children = (
					AB0000000000000000000043 /* MetricsRepository.swift */,
					AB0000000000000000000056 /* NutritionRepository.swift */,
					AB0000000000000000000057 /* RoutineRepository.swift */,
					AB0000000000000000000028 /* UserRepository.swift */,
					AB0000000000000000000029 /* LocalUserRepository.swift */,
				);
			path = Repositories;
			sourceTree = "<group>";
		};
		AC0000000000000000000017 /* Onboarding */ = {
			isa = PBXGroup;
			children = (
				AC0000000000000000000018 /* Views */,
				AC0000000000000000000019 /* ViewModels */,
			);
			path = Onboarding;
			sourceTree = "<group>";
		};
		AC0000000000000000000018 /* Views */ = {
			isa = PBXGroup;
			children = (
				AB0000000000000000000031 /* OnboardingScaffoldView.swift */,
				AB0000000000000000000032 /* OnboardingFlowView.swift */,
				AB0000000000000000000033 /* WelcomeView.swift */,
				AB0000000000000000000034 /* ValuePropositionView.swift */,
				AB0000000000000000000035 /* GoalSelectionView.swift */,
				AB0000000000000000000036 /* TargetSetupView.swift */,
				AB0000000000000000000037 /* OnboardingCompletionView.swift */,
			);
			path = Views;
			sourceTree = "<group>";
		};
		AC0000000000000000000019 /* ViewModels */ = {
			isa = PBXGroup;
			children = (
				AB0000000000000000000030 /* OnboardingViewModel.swift */,
			);
			path = ViewModels;
			sourceTree = "<group>";
		};
			AC0000000000000000000020 /* GlowAppTests */ = {
				isa = PBXGroup;
				children = (
					AB0000000000000000000039 /* UserProfileTests.swift */,
					AB0000000000000000000040 /* LocalUserRepositoryTests.swift */,
					AB0000000000000000000041 /* AppRouterTests.swift */,
					AB0000000000000000000050 /* MetricsRepositoryTests.swift */,
					AB0000000000000000000062 /* NutritionRepositoryTests.swift */,
					AB0000000000000000000063 /* RoutineRepositoryTests.swift */,
				);
				path = GlowAppTests;
				sourceTree = "<group>";
			};
			AC0000000000000000000021 /* Frameworks */ = {
			isa = PBXGroup;
			children = (
				AB0000000000000000000042 /* XCTest.framework */,
			);
				name = Frameworks;
				sourceTree = "<group>";
			};
			AC0000000000000000000022 /* Dashboard */ = {
				isa = PBXGroup;
				children = (
					AC0000000000000000000023 /* Views */,
					AC0000000000000000000024 /* ViewModels */,
				);
				path = Dashboard;
				sourceTree = "<group>";
			};
			AC0000000000000000000023 /* Views */ = {
				isa = PBXGroup;
				children = (
					AB0000000000000000000047 /* DashboardView.swift */,
					AB0000000000000000000048 /* DashboardMetricCardView.swift */,
				);
				path = Views;
				sourceTree = "<group>";
			};
			AC0000000000000000000024 /* ViewModels */ = {
				isa = PBXGroup;
				children = (
					AB0000000000000000000046 /* DashboardViewModel.swift */,
				);
				path = ViewModels;
				sourceTree = "<group>";
			};
			AC0000000000000000000025 /* Health */ = {
				isa = PBXGroup;
				children = (
					AC0000000000000000000026 /* Views */,
				);
				path = Health;
				sourceTree = "<group>";
			};
			AC0000000000000000000026 /* Views */ = {
				isa = PBXGroup;
				children = (
					AB0000000000000000000049 /* HealthConnectionCardView.swift */,
				);
				path = Views;
				sourceTree = "<group>";
			};
			AC0000000000000000000027 /* Nutrition */ = {
				isa = PBXGroup;
				children = (
					AC0000000000000000000028 /* Views */,
					AC0000000000000000000029 /* ViewModels */,
				);
				path = Nutrition;
				sourceTree = "<group>";
			};
			AC0000000000000000000028 /* Views */ = {
				isa = PBXGroup;
				children = (
					AB0000000000000000000059 /* NutritionQuickLogCardView.swift */,
					AB0000000000000000000060 /* NutritionLogEditorView.swift */,
				);
				path = Views;
				sourceTree = "<group>";
			};
			AC0000000000000000000029 /* ViewModels */ = {
				isa = PBXGroup;
				children = (
					AB0000000000000000000058 /* NutritionViewModel.swift */,
				);
				path = ViewModels;
				sourceTree = "<group>";
			};
			AC0000000000000000000030 /* Views */ = {
				isa = PBXGroup;
				children = (
					AB0000000000000000000061 /* RoutineStatusCardView.swift */,
				);
				path = Views;
				sourceTree = "<group>";
			};
	/* End PBXGroup section */

/* Begin PBXNativeTarget section */
		AE0000000000000000000001 /* GlowApp */ = {
			isa = PBXNativeTarget;
			buildConfigurationList = BB0000000000000000000002 /* Build configuration list for PBXNativeTarget "GlowApp" */;
			buildPhases = (
				AD0000000000000000000001 /* Sources */,
				AD0000000000000000000002 /* Frameworks */,
				AD0000000000000000000003 /* Resources */,
			);
			buildRules = (
			);
			dependencies = (
			);
			name = GlowApp;
			productName = GlowApp;
			productReference = AB0000000000000000000026 /* GlowApp.app */;
			productType = "com.apple.product-type.application";
		};
		AE0000000000000000000002 /* GlowAppTests */ = {
			isa = PBXNativeTarget;
			buildConfigurationList = BB0000000000000000000003 /* Build configuration list for PBXNativeTarget "GlowAppTests" */;
			buildPhases = (
				AD0000000000000000000006 /* Sources */,
				AD0000000000000000000004 /* Frameworks */,
				AD0000000000000000000005 /* Resources */,
			);
			buildRules = (
			);
			dependencies = (
				BD0000000000000000000001 /* PBXTargetDependency */,
			);
			name = GlowAppTests;
			productName = GlowAppTests;
			productReference = AB0000000000000000000038 /* GlowAppTests.xctest */;
			productType = "com.apple.product-type.bundle.unit-test";
		};
/* End PBXNativeTarget section */

/* Begin PBXProject section */
		AF0000000000000000000001 /* Project object */ = {
			isa = PBXProject;
			attributes = {
				LastUpgradeCheck = 1600;
				TargetAttributes = {
						AE0000000000000000000001 = {
							CreatedOnToolsVersion = 16.0;
							SystemCapabilities = {
								com.apple.HealthKit = {
									enabled = 1;
								};
							};
						};
					};
				};
			buildConfigurationList = BB0000000000000000000001 /* Build configuration list for PBXProject "GlowApp" */;
			compatibilityVersion = "Xcode 14.0";
			developmentRegion = en;
			hasScannedForEncodings = 0;
			knownRegions = (
				en,
				Base,
			);
			mainGroup = AC0000000000000000000001;
			productRefGroup = AC0000000000000000000002 /* Products */;
			projectDirPath = "";
			projectRoot = "";
			targets = (
				AE0000000000000000000001 /* GlowApp */,
				AE0000000000000000000002 /* GlowAppTests */,
			);
		};
/* End PBXProject section */

/* Begin PBXResourcesBuildPhase section */
		AD0000000000000000000003 /* Resources */ = {
			isa = PBXResourcesBuildPhase;
			buildActionMask = 2147483647;
			files = (
			);
			runOnlyForDeploymentPostprocessing = 0;
		};
		AD0000000000000000000005 /* Resources */ = {
			isa = PBXResourcesBuildPhase;
			buildActionMask = 2147483647;
			files = (
			);
			runOnlyForDeploymentPostprocessing = 0;
		};
/* End PBXResourcesBuildPhase section */

/* Begin PBXSourcesBuildPhase section */
		AD0000000000000000000001 /* Sources */ = {
			isa = PBXSourcesBuildPhase;
			buildActionMask = 2147483647;
			files = (
				AA0000000000000000000001 /* GlowAppApp.swift in Sources */,
				AA0000000000000000000002 /* AppRouter.swift in Sources */,
				AA0000000000000000000003 /* AppEnvironment.swift in Sources */,
				AA0000000000000000000004 /* AppRootView.swift in Sources */,
				AA0000000000000000000005 /* AppTab.swift in Sources */,
				AA0000000000000000000006 /* AppShellView.swift in Sources */,
				AA0000000000000000000007 /* Colors.swift in Sources */,
				AA0000000000000000000008 /* Typography.swift in Sources */,
				AA0000000000000000000009 /* Spacing.swift in Sources */,
				AA0000000000000000000010 /* PrimaryButton.swift in Sources */,
				AA0000000000000000000011 /* Constants.swift in Sources */,
				AA0000000000000000000012 /* AuthService.swift in Sources */,
				AA0000000000000000000013 /* HealthKitService.swift in Sources */,
				AA0000000000000000000014 /* SupabaseService.swift in Sources */,
				AA0000000000000000000015 /* SubscriptionService.swift in Sources */,
				AA0000000000000000000016 /* AnalyticsService.swift in Sources */,
				AA0000000000000000000017 /* FeaturePlaceholderView.swift in Sources */,
				AA0000000000000000000018 /* HomeViewModel.swift in Sources */,
				AA0000000000000000000019 /* HomeView.swift in Sources */,
				AA0000000000000000000020 /* RoutinesViewModel.swift in Sources */,
				AA0000000000000000000021 /* RoutinesView.swift in Sources */,
				AA0000000000000000000022 /* ProgressViewModel.swift in Sources */,
				AA0000000000000000000023 /* ProgressView.swift in Sources */,
					AA0000000000000000000024 /* SettingsViewModel.swift in Sources */,
					AA0000000000000000000025 /* SettingsView.swift in Sources */,
					AA0000000000000000000026 /* UserProfile.swift in Sources */,
					AA0000000000000000000042 /* DailyMetrics.swift in Sources */,
					AA0000000000000000000049 /* NutritionLog.swift in Sources */,
					AA0000000000000000000050 /* NutritionDaySummary.swift in Sources */,
					AA0000000000000000000051 /* RoutineTemplate.swift in Sources */,
					AA0000000000000000000052 /* RoutineEntry.swift in Sources */,
					AA0000000000000000000053 /* RoutineDaySummary.swift in Sources */,
					AA0000000000000000000027 /* UserRepository.swift in Sources */,
					AA0000000000000000000041 /* MetricsRepository.swift in Sources */,
					AA0000000000000000000054 /* NutritionRepository.swift in Sources */,
					AA0000000000000000000055 /* RoutineRepository.swift in Sources */,
					AA0000000000000000000028 /* LocalUserRepository.swift in Sources */,
					AA0000000000000000000043 /* DayBoundary.swift in Sources */,
					AA0000000000000000000029 /* OnboardingViewModel.swift in Sources */,
					AA0000000000000000000030 /* OnboardingScaffoldView.swift in Sources */,
					AA0000000000000000000031 /* OnboardingFlowView.swift in Sources */,
				AA0000000000000000000032 /* WelcomeView.swift in Sources */,
				AA0000000000000000000033 /* ValuePropositionView.swift in Sources */,
					AA0000000000000000000034 /* GoalSelectionView.swift in Sources */,
					AA0000000000000000000035 /* TargetSetupView.swift in Sources */,
					AA0000000000000000000036 /* OnboardingCompletionView.swift in Sources */,
					AA0000000000000000000044 /* DashboardViewModel.swift in Sources */,
					AA0000000000000000000045 /* DashboardView.swift in Sources */,
					AA0000000000000000000046 /* DashboardMetricCardView.swift in Sources */,
					AA0000000000000000000047 /* HealthConnectionCardView.swift in Sources */,
					AA0000000000000000000056 /* NutritionViewModel.swift in Sources */,
					AA0000000000000000000057 /* NutritionQuickLogCardView.swift in Sources */,
					AA0000000000000000000058 /* NutritionLogEditorView.swift in Sources */,
					AA0000000000000000000059 /* RoutineStatusCardView.swift in Sources */,
				);
				runOnlyForDeploymentPostprocessing = 0;
			};
		AD0000000000000000000006 /* Sources */ = {
			isa = PBXSourcesBuildPhase;
			buildActionMask = 2147483647;
			files = (
					AA0000000000000000000037 /* UserProfileTests.swift in Sources */,
					AA0000000000000000000038 /* LocalUserRepositoryTests.swift in Sources */,
					AA0000000000000000000039 /* AppRouterTests.swift in Sources */,
					AA0000000000000000000048 /* MetricsRepositoryTests.swift in Sources */,
					AA0000000000000000000060 /* NutritionRepositoryTests.swift in Sources */,
					AA0000000000000000000061 /* RoutineRepositoryTests.swift in Sources */,
				);
				runOnlyForDeploymentPostprocessing = 0;
			};
/* End PBXSourcesBuildPhase section */

/* Begin PBXTargetDependency section */
		BD0000000000000000000001 /* PBXTargetDependency */ = {
			isa = PBXTargetDependency;
			target = AE0000000000000000000001 /* GlowApp */;
			targetProxy = BC0000000000000000000001 /* PBXContainerItemProxy */;
		};
/* End PBXTargetDependency section */

/* Begin XCBuildConfiguration section */
		BA0000000000000000000001 /* Debug */ = {
			isa = XCBuildConfiguration;
			buildSettings = {
				ALWAYS_SEARCH_USER_PATHS = NO;
				CLANG_ENABLE_MODULES = YES;
				IPHONEOS_DEPLOYMENT_TARGET = 16.0;
				SDKROOT = iphoneos;
				SWIFT_VERSION = 5.0;
			};
			name = Debug;
		};
		BA0000000000000000000002 /* Release */ = {
			isa = XCBuildConfiguration;
			buildSettings = {
				ALWAYS_SEARCH_USER_PATHS = NO;
				CLANG_ENABLE_MODULES = YES;
				IPHONEOS_DEPLOYMENT_TARGET = 16.0;
				SDKROOT = iphoneos;
				SWIFT_VERSION = 5.0;
			};
			name = Release;
		};
		BA0000000000000000000003 /* Debug */ = {
			isa = XCBuildConfiguration;
				buildSettings = {
					CODE_SIGN_ENTITLEMENTS = GlowApp.entitlements;
					CODE_SIGN_STYLE = Automatic;
					CURRENT_PROJECT_VERSION = 1;
					ENABLE_PREVIEWS = YES;
					ENABLE_TESTABILITY = YES;
					GENERATE_INFOPLIST_FILE = YES;
					INFOPLIST_KEY_CFBundleDisplayName = "Glow App";
					INFOPLIST_KEY_NSHealthShareUsageDescription = "Glow reads your Apple Health steps, active calories, workouts, sleep, and latest weight to populate today's dashboard.";
					INFOPLIST_KEY_UIApplicationSceneManifest_Generation = YES;
					INFOPLIST_KEY_UIApplicationSupportsIndirectInputEvents = YES;
					INFOPLIST_KEY_UILaunchScreen_Generation = YES;
				IPHONEOS_DEPLOYMENT_TARGET = 16.0;
				LD_RUNPATH_SEARCH_PATHS = (
					"$(inherited)",
					"@executable_path/Frameworks",
				);
				MARKETING_VERSION = 1.0;
					PRODUCT_BUNDLE_IDENTIFIER = com.example.GlowApp;
					PRODUCT_NAME = "$(TARGET_NAME)";
					SDKROOT = iphoneos;
					SUPPORTED_PLATFORMS = "iphoneos iphonesimulator";
					SWIFT_OPTIMIZATION_LEVEL = "-Onone";
					SWIFT_EMIT_LOC_STRINGS = YES;
					SWIFT_VERSION = 5.0;
					TARGETED_DEVICE_FAMILY = 1;
				};
			name = Debug;
		};
		BA0000000000000000000004 /* Release */ = {
			isa = XCBuildConfiguration;
				buildSettings = {
					CODE_SIGN_ENTITLEMENTS = GlowApp.entitlements;
					CODE_SIGN_STYLE = Automatic;
					CURRENT_PROJECT_VERSION = 1;
					ENABLE_PREVIEWS = YES;
					GENERATE_INFOPLIST_FILE = YES;
					INFOPLIST_KEY_CFBundleDisplayName = "Glow App";
					INFOPLIST_KEY_NSHealthShareUsageDescription = "Glow reads your Apple Health steps, active calories, workouts, sleep, and latest weight to populate today's dashboard.";
					INFOPLIST_KEY_UIApplicationSceneManifest_Generation = YES;
					INFOPLIST_KEY_UIApplicationSupportsIndirectInputEvents = YES;
					INFOPLIST_KEY_UILaunchScreen_Generation = YES;
				IPHONEOS_DEPLOYMENT_TARGET = 16.0;
				LD_RUNPATH_SEARCH_PATHS = (
					"$(inherited)",
					"@executable_path/Frameworks",
				);
				MARKETING_VERSION = 1.0;
				PRODUCT_BUNDLE_IDENTIFIER = com.example.GlowApp;
				PRODUCT_NAME = "$(TARGET_NAME)";
				SDKROOT = iphoneos;
				SUPPORTED_PLATFORMS = "iphoneos iphonesimulator";
				SWIFT_EMIT_LOC_STRINGS = YES;
				SWIFT_VERSION = 5.0;
				TARGETED_DEVICE_FAMILY = 1;
			};
			name = Release;
		};
		BA0000000000000000000005 /* Debug */ = {
			isa = XCBuildConfiguration;
				buildSettings = {
					BUNDLE_LOADER = "$(TEST_HOST)";
					CODE_SIGN_STYLE = Automatic;
					CURRENT_PROJECT_VERSION = 1;
					ENABLE_TESTABILITY = YES;
					GENERATE_INFOPLIST_FILE = YES;
					IPHONEOS_DEPLOYMENT_TARGET = 16.0;
					LD_RUNPATH_SEARCH_PATHS = (
						"$(inherited)",
						"@executable_path/Frameworks",
						"@loader_path/Frameworks",
					);
					MARKETING_VERSION = 1.0;
					PRODUCT_BUNDLE_IDENTIFIER = com.example.GlowAppTests;
					PRODUCT_NAME = "$(TARGET_NAME)";
					SDKROOT = iphoneos;
					SUPPORTED_PLATFORMS = "iphoneos iphonesimulator";
					SWIFT_ACTIVE_COMPILATION_CONDITIONS = "DEBUG $(inherited)";
					SWIFT_OPTIMIZATION_LEVEL = "-Onone";
					SWIFT_VERSION = 5.0;
					TARGETED_DEVICE_FAMILY = 1;
					TEST_HOST = "$(BUILT_PRODUCTS_DIR)/GlowApp.app/GlowApp";
			};
			name = Debug;
		};
		BA0000000000000000000006 /* Release */ = {
			isa = XCBuildConfiguration;
			buildSettings = {
				BUNDLE_LOADER = "$(TEST_HOST)";
				CODE_SIGN_STYLE = Automatic;
				CURRENT_PROJECT_VERSION = 1;
				GENERATE_INFOPLIST_FILE = YES;
				IPHONEOS_DEPLOYMENT_TARGET = 16.0;
				LD_RUNPATH_SEARCH_PATHS = (
					"$(inherited)",
					"@executable_path/Frameworks",
					"@loader_path/Frameworks",
				);
				MARKETING_VERSION = 1.0;
				PRODUCT_BUNDLE_IDENTIFIER = com.example.GlowAppTests;
				PRODUCT_NAME = "$(TARGET_NAME)";
				SDKROOT = iphoneos;
				SUPPORTED_PLATFORMS = "iphoneos iphonesimulator";
				SWIFT_VERSION = 5.0;
				TARGETED_DEVICE_FAMILY = 1;
				TEST_HOST = "$(BUILT_PRODUCTS_DIR)/GlowApp.app/GlowApp";
			};
			name = Release;
		};
/* End XCBuildConfiguration section */

/* Begin XCConfigurationList section */
		BB0000000000000000000001 /* Build configuration list for PBXProject "GlowApp" */ = {
			isa = XCConfigurationList;
			buildConfigurations = (
				BA0000000000000000000001 /* Debug */,
				BA0000000000000000000002 /* Release */,
			);
			defaultConfigurationIsVisible = 0;
			defaultConfigurationName = Release;
		};
		BB0000000000000000000002 /* Build configuration list for PBXNativeTarget "GlowApp" */ = {
			isa = XCConfigurationList;
			buildConfigurations = (
				BA0000000000000000000003 /* Debug */,
				BA0000000000000000000004 /* Release */,
			);
			defaultConfigurationIsVisible = 0;
			defaultConfigurationName = Release;
		};
		BB0000000000000000000003 /* Build configuration list for PBXNativeTarget "GlowAppTests" */ = {
			isa = XCConfigurationList;
			buildConfigurations = (
				BA0000000000000000000005 /* Debug */,
				BA0000000000000000000006 /* Release */,
			);
			defaultConfigurationIsVisible = 0;
			defaultConfigurationName = Release;
		};
/* End XCConfigurationList section */
	};
	rootObject = AF0000000000000000000001 /* Project object */;
}
